<?xml version="1.0" encoding="utf-8"?>
<Project ToolsVersion="4.0" xmlns="http://schemas.microsoft.com/developer/msbuild/2003">
  <ItemGroup>
    <Filter Include="Source Files">
      <UniqueIdentifier>{4FC737F1-C7A5-4376-A066-2A32D752A2FF}</UniqueIdentifier>
      <Extensions>cpp;c;cc;cxx;c++;cppm;ixx;def;odl;idl;hpj;bat;asm;asmx</Extensions>
    </Filter>
    <Filter Include="Header Files">
      <UniqueIdentifier>{93995380-89BD-4b04-88EB-625FBE52EBFB}</UniqueIdentifier>
      <Extensions>h;hh;hpp;hxx;h++;hm;inl;inc;ipp;xsd</Extensions>
    </Filter>
    <Filter Include="Resource Files">
      <UniqueIdentifier>{67DA6AB6-F800-4c08-8B7A-83BB121AAD01}</UniqueIdentifier>
      <Extensions>rc;ico;cur;bmp;dlg;rc2;rct;bin;rgs;gif;jpg;jpeg;jpe;resx;tiff;tif;png;wav;mfcribbon-ms</Extensions>
    </Filter>
  </ItemGroup>
  <ItemGroup>
    <ClCompile Include="MySuper3DApp.cpp">
      <Filter>Source Files</Filter>
    </ClCompile>
    <ClCompile Include="Davork\Camera.cpp">
      <Filter>Source Files</Filter>
    </ClCompile>
    <ClCompile Include="Davork\DDSTextureLoader.cpp">
      <Filter>Source Files</Filter>
    </ClCompile>
    <ClCompile Include="Davork\DirectXHelpers.cpp">
      <Filter>Source Files</Filter>
    </ClCompile>
    <ClCompile Include="Davork\FPSCameraController.cpp">
      <Filter>Source Files</Filter>
    </ClCompile>
    <ClCompile Include="Davork\GameComponents\BaseRenderComponent.cpp">
      <Filter>Source Files</Filter>
    </ClCompile>
    <ClCompile Include="Davork\GameComponents\DebugAxisAnchorComponent.cpp">
      <Filter>Source Files</Filter>
    </ClCompile>
    <ClCompile Include="Davork\GameComponents\GridComponent.cpp">
      <Filter>Source Files</Filter>
    </ClCompile>
    <ClCompile Include="Davork\GameComponents\QuadComponent.cpp">
      <Filter>Source Files</Filter>
    </ClCompile>
    <ClCompile Include="Davork\GameComponents\SphereComponent.cpp">
      <Filter>Source Files</Filter>
    </ClCompile>
    <ClCompile Include="Davork\OrbitCameraController.cpp">
      <Filter>Source Files</Filter>
    </ClCompile>
    <ClCompile Include="Davork\Vertex.cpp">
      <Filter>Source Files</Filter>
    </ClCompile>
    <ClCompile Include="Davork\Delegates.cpp">
      <Filter>Source Files</Filter>
    </ClCompile>
    <ClCompile Include="Davork\DisplayWin32.cpp">
      <Filter>Source Files</Filter>
    </ClCompile>
    <ClCompile Include="Davork\Game.cpp">
      <Filter>Source Files</Filter>
    </ClCompile>
    <ClCompile Include="Davork\GameComponent.cpp">
      <Filter>Source Files</Filter>
    </ClCompile>
    <ClCompile Include="Davork\InputDevice.cpp">
      <Filter>Source Files</Filter>
    </ClCompile>
    <ClCompile Include="Davork\SimpleMath.cpp">
      <Filter>Source Files</Filter>
    </ClCompile>
    <ClCompile Include="GameComponents\KatamariBall.cpp">
      <Filter>Source Files</Filter>
    </ClCompile>
    <ClCompile Include="KatamariGame.cpp">
      <Filter>Source Files</Filter>
    </ClCompile>
  </ItemGroup>
  <ItemGroup>
    <ClInclude Include="Davork\Camera.h">
      <Filter>Header Files</Filter>
    </ClInclude>
    <ClInclude Include="Davork\DDS.h">
      <Filter>Header Files</Filter>
    </ClInclude>
    <ClInclude Include="Davork\DDSTextureLoader.h">
      <Filter>Header Files</Filter>
    </ClInclude>
    <ClInclude Include="Davork\DirectXHelpers.h">
      <Filter>Header Files</Filter>
    </ClInclude>
    <ClInclude Include="Davork\Effects.h">
      <Filter>Header Files</Filter>
    </ClInclude>
    <ClInclude Include="Davork\FPSCameraController.h">
      <Filter>Header Files</Filter>
    </ClInclude>
    <ClInclude Include="Davork\GameComponents\BaseRenderComponent.h">
      <Filter>Header Files</Filter>
    </ClInclude>
    <ClInclude Include="Davork\GameComponents\DebugAxisAnchorComponent.h">
      <Filter>Header Files</Filter>
    </ClInclude>
    <ClInclude Include="Davork\GameComponents\GridComponent.h">
      <Filter>Header Files</Filter>
    </ClInclude>
    <ClInclude Include="Davork\GameComponents\QuadComponent.h">
      <Filter>Header Files</Filter>
    </ClInclude>
    <ClInclude Include="Davork\GameComponents\SphereComponent.h">
      <Filter>Header Files</Filter>
    </ClInclude>
    <ClInclude Include="Davork\LoaderHelpers.h">
      <Filter>Header Files</Filter>
    </ClInclude>
    <ClInclude Include="Davork\OrbitCameraController.h">
      <Filter>Header Files</Filter>
    </ClInclude>
    <ClInclude Include="Davork\Vertex.h">
      <Filter>Header Files</Filter>
    </ClInclude>
    <ClInclude Include="Davork\Delegates.h">
      <Filter>Header Files</Filter>
    </ClInclude>
    <ClInclude Include="Davork\DisplayWin32.h">
      <Filter>Header Files</Filter>
    </ClInclude>
    <ClInclude Include="Davork\Game.h">
      <Filter>Header Files</Filter>
    </ClInclude>
    <ClInclude Include="Davork\GameComponent.h">
      <Filter>Header Files</Filter>
    </ClInclude>
    <ClInclude Include="Davork\InputDevice.h">
      <Filter>Header Files</Filter>
    </ClInclude>
    <ClInclude Include="Davork\Keys.h">
      <Filter>Header Files</Filter>
    </ClInclude>
    <ClInclude Include="Davork\PlatformHelpers.h">
      <Filter>Header Files</Filter>
    </ClInclude>
    <ClInclude Include="Davork\SimpleMath.h">
      <Filter>Header Files</Filter>
    </ClInclude>
    <ClInclude Include="GameComponents\KatamariBall.h">
      <Filter>Header Files</Filter>
    </ClInclude>
    <ClInclude Include="KatamariGame.h">
      <Filter>Header Files</Filter>
    </ClInclude>
  </ItemGroup>
  <ItemGroup>
    <None Include="Davork\SimpleMath.inl">
      <Filter>Header Files</Filter>
    </None>
    <None Include="packages.config" />
  </ItemGroup>
</Project>